
Microsoft Visual Studio Solution File, Format Version 12.00
# Visual Studio 15
VisualStudioVersion = 15.0.27428.2043
MinimumVisualStudioVersion = 10.0.40219.1
Project("{159641D6-6404-4A2A-AE62-294DE0FE8301}") = "tmp", "tmp.dtproj", "{831A601E-237A-4143-988C-B824EB58C967}"
EndProject
Global
	GlobalSection(SolutionConfigurationPlatforms) = preSolution
		Development|Default = Development|Default
	EndGlobalSection
	GlobalSection(ProjectConfigurationPlatforms) = postSolution
		{831A601E-237A-4143-988C-B824EB58C967}.Development|Default.ActiveCfg = Development
		{831A601E-237A-4143-988C-B824EB58C967}.Development|Default.Build.0 = Development
	EndGlobalSection
	GlobalSection(SolutionProperties) = preSolution
		HideSolutionNode = FALSE
	EndGlobalSection
	GlobalSection(ExtensibilityGlobals) = postSolution
		SolutionGuid = {53ABFFEA-5FCE-4B4A-92C8-13147608E27D}
	EndGlobalSection
EndGlobal
